
Microsoft Visual Studio Solution File, Format Version 10.00
# Visual Studio 2008
Project("{8BC9CEB8-8B4A-11D0-8D11-00A0C91BC942}") = "Test7Zip", "Test7Zip\Test7Zip-VS2008.vcproj", "{FFE4894C-31A8-4743-9532-80931D734665}"
	ProjectSection(ProjectDependencies) = postProject
		{383D73DB-A55D-4677-826F-16F8BB7CD578} = {383D73DB-A55D-4677-826F-16F8BB7CD578}
	EndProjectSection
EndProject
Project("{8BC9CEB8-8B4A-11D0-8D11-00A0C91BC942}") = "Lib7Zip", "Lib7Zip\Lib7Zip - VS2008.vcproj", "{383D73DB-A55D-4677-826F-16F8BB7CD578}"
EndProject
Global
	GlobalSection(SolutionConfigurationPlatforms) = preSolution
		Debug|Win32 = Debug|Win32
		Release|Win32 = Release|Win32
	EndGlobalSection
	GlobalSection(ProjectConfigurationPlatforms) = postSolution
		{FFE4894C-31A8-4743-9532-80931D734665}.Debug|Win32.ActiveCfg = Debug|Win32
		{FFE4894C-31A8-4743-9532-80931D734665}.Debug|Win32.Build.0 = Debug|Win32
		{FFE4894C-31A8-4743-9532-80931D734665}.Release|Win32.ActiveCfg = Release|Win32
		{FFE4894C-31A8-4743-9532-80931D734665}.Release|Win32.Build.0 = Release|Win32
		{383D73DB-A55D-4677-826F-16F8BB7CD578}.Debug|Win32.ActiveCfg = Debug|Win32
		{383D73DB-A55D-4677-826F-16F8BB7CD578}.Debug|Win32.Build.0 = Debug|Win32
		{383D73DB-A55D-4677-826F-16F8BB7CD578}.Release|Win32.ActiveCfg = Release|Win32
		{383D73DB-A55D-4677-826F-16F8BB7CD578}.Release|Win32.Build.0 = Release|Win32
	EndGlobalSection
	GlobalSection(SolutionProperties) = preSolution
		HideSolutionNode = FALSE
	EndGlobalSection
EndGlobal
